
Microsoft Visual Studio Solution File, Format Version 12.00
# Visual Studio 15
VisualStudioVersion = 15.0.28010.2041
MinimumVisualStudioVersion = 10.0.40219.1
Project("{FAE04EC0-301F-11D3-BF4B-00C04F79EFBC}") = "TheHiProgram", "TheHiProgram\TheHiProgram.csproj", "{9DCEF364-21A6-4A7F-9C94-B4639674F9A1}"
EndProject
Project("{FAE04EC0-301F-11D3-BF4B-00C04F79EFBC}") = "AgeAfter10Years", "AgeAfter10Years\AgeAfter10Years.csproj", "{94A22E5C-5455-490E-8FE7-64471A92EC61}"
EndProject
Project("{FAE04EC0-301F-11D3-BF4B-00C04F79EFBC}") = "TheUniqueNumber", "TheUniqueNumber\TheUniqueNumber.csproj", "{3AA0906D-6DD8-4A8E-BAC1-2A9C32F459B5}"
EndProject
Global
	GlobalSection(SolutionConfigurationPlatforms) = preSolution
		Debug|Any CPU = Debug|Any CPU
		Release|Any CPU = Release|Any CPU
	EndGlobalSection
	GlobalSection(ProjectConfigurationPlatforms) = postSolution
		{9DCEF364-21A6-4A7F-9C94-B4639674F9A1}.Debug|Any CPU.ActiveCfg = Debug|Any CPU
		{9DCEF364-21A6-4A7F-9C94-B4639674F9A1}.Debug|Any CPU.Build.0 = Debug|Any CPU
		{9DCEF364-21A6-4A7F-9C94-B4639674F9A1}.Release|Any CPU.ActiveCfg = Release|Any CPU
		{9DCEF364-21A6-4A7F-9C94-B4639674F9A1}.Release|Any CPU.Build.0 = Release|Any CPU
		{94A22E5C-5455-490E-8FE7-64471A92EC61}.Debug|Any CPU.ActiveCfg = Debug|Any CPU
		{94A22E5C-5455-490E-8FE7-64471A92EC61}.Debug|Any CPU.Build.0 = Debug|Any CPU
		{94A22E5C-5455-490E-8FE7-64471A92EC61}.Release|Any CPU.ActiveCfg = Release|Any CPU
		{94A22E5C-5455-490E-8FE7-64471A92EC61}.Release|Any CPU.Build.0 = Release|Any CPU
		{3AA0906D-6DD8-4A8E-BAC1-2A9C32F459B5}.Debug|Any CPU.ActiveCfg = Debug|Any CPU
		{3AA0906D-6DD8-4A8E-BAC1-2A9C32F459B5}.Debug|Any CPU.Build.0 = Debug|Any CPU
		{3AA0906D-6DD8-4A8E-BAC1-2A9C32F459B5}.Release|Any CPU.ActiveCfg = Release|Any CPU
		{3AA0906D-6DD8-4A8E-BAC1-2A9C32F459B5}.Release|Any CPU.Build.0 = Release|Any CPU
	EndGlobalSection
	GlobalSection(SolutionProperties) = preSolution
		HideSolutionNode = FALSE
	EndGlobalSection
	GlobalSection(ExtensibilityGlobals) = postSolution
		SolutionGuid = {F52E20DC-E4FF-4A06-A0E0-5E179EAD56FF}
	EndGlobalSection
EndGlobal
